
Microsoft Visual Studio Solution File, Format Version 12.00
# Visual Studio Version 17
VisualStudioVersion = 17.7.34031.279
MinimumVisualStudioVersion = 10.0.40219.1
Project("{FAE04EC0-301F-11D3-BF4B-00C04F79EFBC}") = "MyDictionaryProject", "MyDictionaryProject\MyDictionaryProject.csproj", "{9134B960-C7D5-4186-AA8E-AEC3B07253FB}"
EndProject
Global
	GlobalSection(SolutionConfigurationPlatforms) = preSolution
		Debug|Any CPU = Debug|Any CPU
		Release|Any CPU = Release|Any CPU
	EndGlobalSection
	GlobalSection(ProjectConfigurationPlatforms) = postSolution
		{9134B960-C7D5-4186-AA8E-AEC3B07253FB}.Debug|Any CPU.ActiveCfg = Debug|Any CPU
		{9134B960-C7D5-4186-AA8E-AEC3B07253FB}.Debug|Any CPU.Build.0 = Debug|Any CPU
		{9134B960-C7D5-4186-AA8E-AEC3B07253FB}.Release|Any CPU.ActiveCfg = Release|Any CPU
		{9134B960-C7D5-4186-AA8E-AEC3B07253FB}.Release|Any CPU.Build.0 = Release|Any CPU
	EndGlobalSection
	GlobalSection(SolutionProperties) = preSolution
		HideSolutionNode = FALSE
	EndGlobalSection
	GlobalSection(ExtensibilityGlobals) = postSolution
		SolutionGuid = {8049AABD-F57F-4992-8A29-F2A14C5CEAAB}
	EndGlobalSection
EndGlobal
